// !$*UTF8*$!
{
	archiveVersion = 1;
	classes = {
	};
	objectVersion = 50;
	objects = {

/* Begin PBXBuildFile section */
		88BE120F24A2B21000E70A0B /* AppDelegate.swift in Sources */ = {isa = PBXBuildFile; fileRef = 88BE120E24A2B21000E70A0B /* AppDelegate.swift */; };
		88BE121124A2B21000E70A0B /* SceneDelegate.swift in Sources */ = {isa = PBXBuildFile; fileRef = 88BE121024A2B21000E70A0B /* SceneDelegate.swift */; };
		88BE121324A2B21000E70A0B /* ViewController.swift in Sources */ = {isa = PBXBuildFile; fileRef = 88BE121224A2B21000E70A0B /* ViewController.swift */; };
		88BE121624A2B21000E70A0B /* Main.storyboard in Resources */ = {isa = PBXBuildFile; fileRef = 88BE121424A2B21000E70A0B /* Main.storyboard */; };
		88BE121824A2B21300E70A0B /* Assets.xcassets in Resources */ = {isa = PBXBuildFile; fileRef = 88BE121724A2B21300E70A0B /* Assets.xcassets */; };
		88BE121B24A2B21300E70A0B /* LaunchScreen.storyboard in Resources */ = {isa = PBXBuildFile; fileRef = 88BE121924A2B21300E70A0B /* LaunchScreen.storyboard */; };
/* End PBXBuildFile section */

/* Begin PBXFileReference section */
		88BE120B24A2B21000E70A0B /* Bottle.app */ = {isa = PBXFileReference; explicitFileType = wrapper.application; includeInIndex = 0; path = Bottle.app; sourceTree = BUILT_PRODUCTS_DIR; };
		88BE120E24A2B21000E70A0B /* AppDelegate.swift */ = {isa = PBXFileReference; lastKnownFileType = sourcecode.swift; path = AppDelegate.swift; sourceTree = "<group>"; };
		88BE121024A2B21000E70A0B /* SceneDelegate.swift */ = {isa = PBXFileReference; lastKnownFileType = sourcecode.swift; path = SceneDelegate.swift; sourceTree = "<group>"; };
		88BE121224A2B21000E70A0B /* ViewController.swift */ = {isa = PBXFileReference; lastKnownFileType = sourcecode.swift; path = ViewController.swift; sourceTree = "<group>"; };
		88BE121524A2B21000E70A0B /* Base */ = {isa = PBXFileReference; lastKnownFileType = file.storyboard; name = Base; path = Base.lproj/Main.storyboard; sourceTree = "<group>"; };
		88BE121724A2B21300E70A0B /* Assets.xcassets */ = {isa = PBXFileReference; lastKnownFileType = folder.assetcatalog; path = Assets.xcassets; sourceTree = "<group>"; };
		88BE121A24A2B21300E70A0B /* Base */ = {isa = PBXFileReference; lastKnownFileType = file.storyboard; name = Base; path = Base.lproj/LaunchScreen.storyboard; sourceTree = "<group>"; };
		88BE121C24A2B21300E70A0B /* Info.plist */ = {isa = PBXFileReference; lastKnownFileType = text.plist.xml; path = Info.plist; sourceTree = "<group>"; };
/* End PBXFileReference section */

/* Begin PBXFrameworksBuildPhase section */
		88BE120824A2B21000E70A0B /* Frameworks */ = {
			isa = PBXFrameworksBuildPhase;
			buildActionMask = 2147483647;
			files = (
			);
			runOnlyForDeploymentPostprocessing = 0;
		};
/* End PBXFrameworksBuildPhase section */

/* Begin PBXGroup section */
		88BE120224A2B21000E70A0B = {
			isa = PBXGroup;
			children = (
				88BE120D24A2B21000E70A0B /* Bottle */,
				88BE120C24A2B21000E70A0B /* Products */,
			);
			sourceTree = "<group>";
		};
		88BE120C24A2B21000E70A0B /* Products */ = {
			isa = PBXGroup;
			children = (
				88BE120B24A2B21000E70A0B /* Bottle.app */,
			);
			name = Products;
			sourceTree = "<group>";
		};
		88BE120D24A2B21000E70A0B /* Bottle */ = {
			isa = PBXGroup;
			children = (
				88BE120E24A2B21000E70A0B /* AppDelegate.swift */,
				88BE121024A2B21000E70A0B /* SceneDelegate.swift */,
				88BE121224A2B21000E70A0B /* ViewController.swift */,
				88BE121424A2B21000E70A0B /* Main.storyboard */,
				88BE121724A2B21300E70A0B /* Assets.xcassets */,
				88BE121924A2B21300E70A0B /* LaunchScreen.storyboard */,
				88BE121C24A2B21300E70A0B /* Info.plist */,
			);
			path = Bottle;
			sourceTree = "<group>";
		};
/* End PBXGroup section */

/* Begin PBXNativeTarget section */
		88BE120A24A2B21000E70A0B /* Bottle */ = {
			isa = PBXNativeTarget;
			buildConfigurationList = 88BE121F24A2B21300E70A0B /* Build configuration list for PBXNativeTarget "Bottle" */;
			buildPhases = (
				88BE120724A2B21000E70A0B /* Sources */,
				88BE120824A2B21000E70A0B /* Frameworks */,
				88BE120924A2B21000E70A0B /* Resources */,
			);
			buildRules = (
			);
			dependencies = (
			);
			name = Bottle;
			productName = Bottle;
			productReference = 88BE120B24A2B21000E70A0B /* Bottle.app */;
			productType = "com.apple.product-type.application";
		};
/* End PBXNativeTarget section */

/* Begin PBXProject section */
		88BE120324A2B21000E70A0B /* Project object */ = {
			isa = PBXProject;
			attributes = {
				LastSwiftUpdateCheck = 1130;
				LastUpgradeCheck = 1130;
				ORGANIZATIONNAME = klsoft;
				TargetAttributes = {
					88BE120A24A2B21000E70A0B = {
						CreatedOnToolsVersion = 11.3.1;
					};
				};
			};
			buildConfigurationList = 88BE120624A2B21000E70A0B /* Build configuration list for PBXProject "Bottle" */;
			compatibilityVersion = "Xcode 9.3";
			developmentRegion = en;
			hasScannedForEncodings = 0;
			knownRegions = (
				en,
				Base,
			);
			mainGroup = 88BE120224A2B21000E70A0B;
			productRefGroup = 88BE120C24A2B21000E70A0B /* Products */;
			projectDirPath = "";
			projectRoot = "";
			targets = (
				88BE120A24A2B21000E70A0B /* Bottle */,
			);
		};
/* End PBXProject section */

/* Begin PBXResourcesBuildPhase section */
		88BE120924A2B21000E70A0B /* Resources */ = {
			isa = PBXResourcesBuildPhase;
			buildActionMask = 2147483647;
			files = (
				88BE121B24A2B21300E70A0B /* LaunchScreen.storyboard in Resources */,
				88BE121824A2B21300E70A0B /* Assets.xcassets in Resources */,
				88BE121624A2B21000E70A0B /* Main.storyboard in Resources */,
			);
			runOnlyForDeploymentPostprocessing = 0;
		};
/* End PBXResourcesBuildPhase section */

/* Begin PBXSourcesBuildPhase section */
		88BE120724A2B21000E70A0B /* Sources */ = {
			isa = PBXSourcesBuildPhase;
			buildActionMask = 2147483647;
			files = (
				88BE121324A2B21000E70A0B /* ViewController.swift in Sources */,
				88BE120F24A2B21000E70A0B /* AppDelegate.swift in Sources */,
				88BE121124A2B21000E70A0B /* SceneDelegate.swift in Sources */,
			);
			runOnlyForDeploymentPostprocessing = 0;
		};
/* End PBXSourcesBuildPhase section */

/* Begin PBXVariantGroup section */
		88BE121424A2B21000E70A0B /* Main.storyboard */ = {
			isa = PBXVariantGroup;
			children = (
				88BE121524A2B21000E70A0B /* Base */,
			);
			name = Main.storyboard;
			sourceTree = "<group>";
		};
		88BE121924A2B21300E70A0B /* LaunchScreen.storyboard */ = {
			isa = PBXVariantGroup;
			children = (
				88BE121A24A2B21300E70A0B /* Base */,
			);
			name = LaunchScreen.storyboard;
			sourceTree = "<group>";
		};
/* End PBXVariantGroup section */

/* Begin XCBuildConfiguration section */
		88BE121D24A2B21300E70A0B /* Debug */ = {
			isa = XCBuildConfiguration;
			buildSettings = {
				ALWAYS_SEARCH_USER_PATHS = NO;
				CLANG_ANALYZER_NONNULL = YES;
				CLANG_ANALYZER_NUMBER_OBJECT_CONVERSION = YES_AGGRESSIVE;
				CLANG_CXX_LANGUAGE_STANDARD = "gnu++14";
				CLANG_CXX_LIBRARY = "libc++";
				CLANG_ENABLE_MODULES = YES;
				CLANG_ENABLE_OBJC_ARC = YES;
				CLANG_ENABLE_OBJC_WEAK = YES;
				CLANG_WARN_BLOCK_CAPTURE_AUTORELEASING = YES;
				CLANG_WARN_BOOL_CONVERSION = YES;
				CLANG_WARN_COMMA = YES;
				CLANG_WARN_CONSTANT_CONVERSION = YES;
				CLANG_WARN_DEPRECATED_OBJC_IMPLEMENTATIONS = YES;
				CLANG_WARN_DIRECT_OBJC_ISA_USAGE = YES_ERROR;
				CLANG_WARN_DOCUMENTATION_COMMENTS = YES;
				CLANG_WARN_EMPTY_BODY = YES;
				CLANG_WARN_ENUM_CONVERSION = YES;
				CLANG_WARN_INFINITE_RECURSION = YES;
				CLANG_WARN_INT_CONVERSION = YES;
				CLANG_WARN_NON_LITERAL_NULL_CONVERSION = YES;
				CLANG_WARN_OBJC_IMPLICIT_RETAIN_SELF = YES;
				CLANG_WARN_OBJC_LITERAL_CONVERSION = YES;
				CLANG_WARN_OBJC_ROOT_CLASS = YES_ERROR;
				CLANG_WARN_RANGE_LOOP_ANALYSIS = YES;
				CLANG_WARN_STRICT_PROTOTYPES = YES;
				CLANG_WARN_SUSPICIOUS_MOVE = YES;
				CLANG_WARN_UNGUARDED_AVAILABILITY = YES_AGGRESSIVE;
				CLANG_WARN_UNREACHABLE_CODE = YES;
				CLANG_WARN__DUPLICATE_METHOD_MATCH = YES;
				COPY_PHASE_STRIP = NO;
				DEBUG_INFORMATION_FORMAT = dwarf;
				ENABLE_STRICT_OBJC_MSGSEND = YES;
				ENABLE_TESTABILITY = YES;
				GCC_C_LANGUAGE_STANDARD = gnu11;
				GCC_DYNAMIC_NO_PIC = NO;
				GCC_NO_COMMON_BLOCKS = YES;
				GCC_OPTIMIZATION_LEVEL = 0;
				GCC_PREPROCESSOR_DEFINITIONS = (
					"DEBUG=1",
					"$(inherited)",
				);
				GCC_WARN_64_TO_32_BIT_CONVERSION = YES;
				GCC_WARN_ABOUT_RETURN_TYPE = YES_ERROR;
				GCC_WARN_UNDECLARED_SELECTOR = YES;
				GCC_WARN_UNINITIALIZED_AUTOS = YES_AGGRESSIVE;
				GCC_WARN_UNUSED_FUNCTION = YES;
				GCC_WARN_UNUSED_VARIABLE = YES;
				IPHONEOS_DEPLOYMENT_TARGET = 13.2;
				MTL_ENABLE_DEBUG_INFO = INCLUDE_SOURCE;
				MTL_FAST_MATH = YES;
				ONLY_ACTIVE_ARCH = YES;
				SDKROOT = iphoneos;
				SWIFT_ACTIVE_COMPILATION_CONDITIONS = DEBUG;
				SWIFT_OPTIMIZATION_LEVEL = "-Onone";
			};
			name = Debug;
		};
		88BE121E24A2B21300E70A0B /* Release */ = {
			isa = XCBuildConfiguration;
			buildSettings = {
				ALWAYS_SEARCH_USER_PATHS = NO;
				CLANG_ANALYZER_NONNULL = YES;
				CLANG_ANALYZER_NUMBER_OBJECT_CONVERSION = YES_AGGRESSIVE;
				CLANG_CXX_LANGUAGE_STANDARD = "gnu++14";
				CLANG_CXX_LIBRARY = "libc++";
				CLANG_ENABLE_MODULES = YES;
				CLANG_ENABLE_OBJC_ARC = YES;
				CLANG_ENABLE_OBJC_WEAK = YES;
				CLANG_WARN_BLOCK_CAPTURE_AUTORELEASING = YES;
				CLANG_WARN_BOOL_CONVERSION = YES;
				CLANG_WARN_COMMA = YES;
				CLANG_WARN_CONSTANT_CONVERSION = YES;
				CLANG_WARN_DEPRECATED_OBJC_IMPLEMENTATIONS = YES;
				CLANG_WARN_DIRECT_OBJC_ISA_USAGE = YES_ERROR;
				CLANG_WARN_DOCUMENTATION_COMMENTS = YES;
				CLANG_WARN_EMPTY_BODY = YES;
				CLANG_WARN_ENUM_CONVERSION = YES;
				CLANG_WARN_INFINITE_RECURSION = YES;
				CLANG_WARN_INT_CONVERSION = YES;
				CLANG_WARN_NON_LITERAL_NULL_CONVERSION = YES;
				CLANG_WARN_OBJC_IMPLICIT_RETAIN_SELF = YES;
				CLANG_WARN_OBJC_LITERAL_CONVERSION = YES;
				CLANG_WARN_OBJC_ROOT_CLASS = YES_ERROR;
				CLANG_WARN_RANGE_LOOP_ANALYSIS = YES;
				CLANG_WARN_STRICT_PROTOTYPES = YES;
				CLANG_WARN_SUSPICIOUS_MOVE = YES;
				CLANG_WARN_UNGUARDED_AVAILABILITY = YES_AGGRESSIVE;
				CLANG_WARN_UNREACHABLE_CODE = YES;
				CLANG_WARN__DUPLICATE_METHOD_MATCH = YES;
				COPY_PHASE_STRIP = NO;
				DEBUG_INFORMATION_FORMAT = "dwarf-with-dsym";
				ENABLE_NS_ASSERTIONS = NO;
				ENABLE_STRICT_OBJC_MSGSEND = YES;
				GCC_C_LANGUAGE_STANDARD = gnu11;
				GCC_NO_COMMON_BLOCKS = YES;
				GCC_WARN_64_TO_32_BIT_CONVERSION = YES;
				GCC_WARN_ABOUT_RETURN_TYPE = YES_ERROR;
				GCC_WARN_UNDECLARED_SELECTOR = YES;
				GCC_WARN_UNINITIALIZED_AUTOS = YES_AGGRESSIVE;
				GCC_WARN_UNUSED_FUNCTION = YES;
				GCC_WARN_UNUSED_VARIABLE = YES;
				IPHONEOS_DEPLOYMENT_TARGET = 13.2;
				MTL_ENABLE_DEBUG_INFO = NO;
				MTL_FAST_MATH = YES;
				SDKROOT = iphoneos;
				SWIFT_COMPILATION_MODE = wholemodule;
				SWIFT_OPTIMIZATION_LEVEL = "-O";
				VALIDATE_PRODUCT = YES;
			};
			name = Release;
		};
		88BE122024A2B21300E70A0B /* Debug */ = {
			isa = XCBuildConfiguration;
			buildSettings = {
				ASSETCATALOG_COMPILER_APPICON_NAME = AppIcon;
				CODE_SIGN_STYLE = Automatic;
				DEVELOPMENT_TEAM = G4U859NU57;
				INFOPLIST_FILE = Bottle/Info.plist;
				LD_RUNPATH_SEARCH_PATHS = (
					"$(inherited)",
					"@executable_path/Frameworks",
				);
				PRODUCT_BUNDLE_IDENTIFIER = vandilson.lima.bottle.Bottle;
				PRODUCT_NAME = "$(TARGET_NAME)";
				SWIFT_VERSION = 5.0;
				TARGETED_DEVICE_FAMILY = "1,2";
			};
			name = Debug;
		};
		88BE122124A2B21300E70A0B /* Release */ = {
			isa = XCBuildConfiguration;
			buildSettings = {
				ASSETCATALOG_COMPILER_APPICON_NAME = AppIcon;
				CODE_SIGN_STYLE = Automatic;
				DEVELOPMENT_TEAM = G4U859NU57;
				INFOPLIST_FILE = Bottle/Info.plist;
				LD_RUNPATH_SEARCH_PATHS = (
					"$(inherited)",
					"@executable_path/Frameworks",
				);
				PRODUCT_BUNDLE_IDENTIFIER = vandilson.lima.bottle.Bottle;
				PRODUCT_NAME = "$(TARGET_NAME)";
				SWIFT_VERSION = 5.0;
				TARGETED_DEVICE_FAMILY = "1,2";
			};
			name = Release;
		};
/* End XCBuildConfiguration section */

/* Begin XCConfigurationList section */
		88BE120624A2B21000E70A0B /* Build configuration list for PBXProject "Bottle" */ = {
			isa = XCConfigurationList;
			buildConfigurations = (
				88BE121D24A2B21300E70A0B /* Debug */,
				88BE121E24A2B21300E70A0B /* Release */,
			);
			defaultConfigurationIsVisible = 0;
			defaultConfigurationName = Release;
		};
		88BE121F24A2B21300E70A0B /* Build configuration list for PBXNativeTarget "Bottle" */ = {
			isa = XCConfigurationList;
			buildConfigurations = (
				88BE122024A2B21300E70A0B /* Debug */,
				88BE122124A2B21300E70A0B /* Release */,
			);
			defaultConfigurationIsVisible = 0;
			defaultConfigurationName = Release;
		};
/* End XCConfigurationList section */
	};
	rootObject = 88BE120324A2B21000E70A0B /* Project object */;
}
